
Microsoft Visual Studio Solution File, Format Version 12.00
# Visual Studio Version 17
VisualStudioVersion = 17.0.31903.59
MinimumVisualStudioVersion = 10.0.40219.1
Project("{2150E333-8FDC-42A3-9474-1A3956D46DE8}") = "src", "src", "{827E0CD3-B72D-47B6-A68D-7590B98EB39B}"
EndProject
Project("{2150E333-8FDC-42A3-9474-1A3956D46DE8}") = "Services", "Services", "{984BB9B3-3FA3-BE33-9484-CAC21695A33C}"
EndProject
Project("{FAE04EC0-301F-11D3-BF4B-00C04F79EFBC}") = "ApiGateway", "src\Services\ApiGateway\ApiGateway.csproj", "{38B827F8-F1EE-4F30-918C-F626F3A0AA23}"
EndProject
Project("{FAE04EC0-301F-11D3-BF4B-00C04F79EFBC}") = "AuthService", "src\Services\AuthService\AuthService.csproj", "{E19DE1B9-A280-4043-9A76-F1E560C17221}"
EndProject
Project("{FAE04EC0-301F-11D3-BF4B-00C04F79EFBC}") = "MerchantService", "src\Services\MerchantService\MerchantService.csproj", "{94A979A1-809F-4C59-84CE-412DAB0DF071}"
EndProject
Project("{FAE04EC0-301F-11D3-BF4B-00C04F79EFBC}") = "PaymentService", "src\Services\PaymentService\PaymentService.csproj", "{6F2B9991-9A64-48DF-ACE4-15319503E88E}"
EndProject
Project("{FAE04EC0-301F-11D3-BF4B-00C04F79EFBC}") = "FraudService", "src\Services\FraudService\FraudService.csproj", "{0200B6B1-D7D7-4501-AD01-FC74E2D9894C}"
EndProject
Project("{FAE04EC0-301F-11D3-BF4B-00C04F79EFBC}") = "NotificationService", "src\Services\NotificationService\NotificationService.csproj", "{6AC0FE12-BD4D-4E59-8BEC-F12452EEBE64}"
EndProject
Project("{FAE04EC0-301F-11D3-BF4B-00C04F79EFBC}") = "SettlementService", "src\Services\SettlementService\SettlementService.csproj", "{1C7FB1C1-16BF-4CBE-B2FA-0F7D6518847D}"
EndProject
Project("{2150E333-8FDC-42A3-9474-1A3956D46DE8}") = "Shared", "Shared", "{C8E42992-5E42-0C2B-DBFE-AA848D06431C}"
EndProject
Project("{FAE04EC0-301F-11D3-BF4B-00C04F79EFBC}") = "Contracts", "src\Shared\Contracts\Contracts.csproj", "{DC0F9230-1231-416F-A7C5-6B38943A1D50}"
EndProject
Project("{FAE04EC0-301F-11D3-BF4B-00C04F79EFBC}") = "BuildingBlocks", "src\Shared\BuildingBlocks\BuildingBlocks.csproj", "{72D52C2F-6888-4ED0-BE86-36E21E2B2F7B}"
EndProject
Global
	GlobalSection(SolutionConfigurationPlatforms) = preSolution
		Debug|Any CPU = Debug|Any CPU
		Debug|x64 = Debug|x64
		Debug|x86 = Debug|x86
		Release|Any CPU = Release|Any CPU
		Release|x64 = Release|x64
		Release|x86 = Release|x86
	EndGlobalSection
	GlobalSection(ProjectConfigurationPlatforms) = postSolution
		{38B827F8-F1EE-4F30-918C-F626F3A0AA23}.Debug|Any CPU.ActiveCfg = Debug|Any CPU
		{38B827F8-F1EE-4F30-918C-F626F3A0AA23}.Debug|Any CPU.Build.0 = Debug|Any CPU
		{38B827F8-F1EE-4F30-918C-F626F3A0AA23}.Debug|x64.ActiveCfg = Debug|Any CPU
		{38B827F8-F1EE-4F30-918C-F626F3A0AA23}.Debug|x64.Build.0 = Debug|Any CPU
		{38B827F8-F1EE-4F30-918C-F626F3A0AA23}.Debug|x86.ActiveCfg = Debug|Any CPU
		{38B827F8-F1EE-4F30-918C-F626F3A0AA23}.Debug|x86.Build.0 = Debug|Any CPU
		{38B827F8-F1EE-4F30-918C-F626F3A0AA23}.Release|Any CPU.ActiveCfg = Release|Any CPU
		{38B827F8-F1EE-4F30-918C-F626F3A0AA23}.Release|Any CPU.Build.0 = Release|Any CPU
		{38B827F8-F1EE-4F30-918C-F626F3A0AA23}.Release|x64.ActiveCfg = Release|Any CPU
		{38B827F8-F1EE-4F30-918C-F626F3A0AA23}.Release|x64.Build.0 = Release|Any CPU
		{38B827F8-F1EE-4F30-918C-F626F3A0AA23}.Release|x86.ActiveCfg = Release|Any CPU
		{38B827F8-F1EE-4F30-918C-F626F3A0AA23}.Release|x86.Build.0 = Release|Any CPU
		{E19DE1B9-A280-4043-9A76-F1E560C17221}.Debug|Any CPU.ActiveCfg = Debug|Any CPU
		{E19DE1B9-A280-4043-9A76-F1E560C17221}.Debug|Any CPU.Build.0 = Debug|Any CPU
		{E19DE1B9-A280-4043-9A76-F1E560C17221}.Debug|x64.ActiveCfg = Debug|Any CPU
		{E19DE1B9-A280-4043-9A76-F1E560C17221}.Debug|x64.Build.0 = Debug|Any CPU
		{E19DE1B9-A280-4043-9A76-F1E560C17221}.Debug|x86.ActiveCfg = Debug|Any CPU
		{E19DE1B9-A280-4043-9A76-F1E560C17221}.Debug|x86.Build.0 = Debug|Any CPU
		{E19DE1B9-A280-4043-9A76-F1E560C17221}.Release|Any CPU.ActiveCfg = Release|Any CPU
		{E19DE1B9-A280-4043-9A76-F1E560C17221}.Release|Any CPU.Build.0 = Release|Any CPU
		{E19DE1B9-A280-4043-9A76-F1E560C17221}.Release|x64.ActiveCfg = Release|Any CPU
		{E19DE1B9-A280-4043-9A76-F1E560C17221}.Release|x64.Build.0 = Release|Any CPU
		{E19DE1B9-A280-4043-9A76-F1E560C17221}.Release|x86.ActiveCfg = Release|Any CPU
		{E19DE1B9-A280-4043-9A76-F1E560C17221}.Release|x86.Build.0 = Release|Any CPU
		{94A979A1-809F-4C59-84CE-412DAB0DF071}.Debug|Any CPU.ActiveCfg = Debug|Any CPU
		{94A979A1-809F-4C59-84CE-412DAB0DF071}.Debug|Any CPU.Build.0 = Debug|Any CPU
		{94A979A1-809F-4C59-84CE-412DAB0DF071}.Debug|x64.ActiveCfg = Debug|Any CPU
		{94A979A1-809F-4C59-84CE-412DAB0DF071}.Debug|x64.Build.0 = Debug|Any CPU
		{94A979A1-809F-4C59-84CE-412DAB0DF071}.Debug|x86.ActiveCfg = Debug|Any CPU
		{94A979A1-809F-4C59-84CE-412DAB0DF071}.Debug|x86.Build.0 = Debug|Any CPU
		{94A979A1-809F-4C59-84CE-412DAB0DF071}.Release|Any CPU.ActiveCfg = Release|Any CPU
		{94A979A1-809F-4C59-84CE-412DAB0DF071}.Release|Any CPU.Build.0 = Release|Any CPU
		{94A979A1-809F-4C59-84CE-412DAB0DF071}.Release|x64.ActiveCfg = Release|Any CPU
		{94A979A1-809F-4C59-84CE-412DAB0DF071}.Release|x64.Build.0 = Release|Any CPU
		{94A979A1-809F-4C59-84CE-412DAB0DF071}.Release|x86.ActiveCfg = Release|Any CPU
		{94A979A1-809F-4C59-84CE-412DAB0DF071}.Release|x86.Build.0 = Release|Any CPU
		{6F2B9991-9A64-48DF-ACE4-15319503E88E}.Debug|Any CPU.ActiveCfg = Debug|Any CPU
		{6F2B9991-9A64-48DF-ACE4-15319503E88E}.Debug|Any CPU.Build.0 = Debug|Any CPU
		{6F2B9991-9A64-48DF-ACE4-15319503E88E}.Debug|x64.ActiveCfg = Debug|Any CPU
		{6F2B9991-9A64-48DF-ACE4-15319503E88E}.Debug|x64.Build.0 = Debug|Any CPU
		{6F2B9991-9A64-48DF-ACE4-15319503E88E}.Debug|x86.ActiveCfg = Debug|Any CPU
		{6F2B9991-9A64-48DF-ACE4-15319503E88E}.Debug|x86.Build.0 = Debug|Any CPU
		{6F2B9991-9A64-48DF-ACE4-15319503E88E}.Release|Any CPU.ActiveCfg = Release|Any CPU
		{6F2B9991-9A64-48DF-ACE4-15319503E88E}.Release|Any CPU.Build.0 = Release|Any CPU
		{6F2B9991-9A64-48DF-ACE4-15319503E88E}.Release|x64.ActiveCfg = Release|Any CPU
		{6F2B9991-9A64-48DF-ACE4-15319503E88E}.Release|x64.Build.0 = Release|Any CPU
		{6F2B9991-9A64-48DF-ACE4-15319503E88E}.Release|x86.ActiveCfg = Release|Any CPU
		{6F2B9991-9A64-48DF-ACE4-15319503E88E}.Release|x86.Build.0 = Release|Any CPU
		{0200B6B1-D7D7-4501-AD01-FC74E2D9894C}.Debug|Any CPU.ActiveCfg = Debug|Any CPU
		{0200B6B1-D7D7-4501-AD01-FC74E2D9894C}.Debug|Any CPU.Build.0 = Debug|Any CPU
		{0200B6B1-D7D7-4501-AD01-FC74E2D9894C}.Debug|x64.ActiveCfg = Debug|Any CPU
		{0200B6B1-D7D7-4501-AD01-FC74E2D9894C}.Debug|x64.Build.0 = Debug|Any CPU
		{0200B6B1-D7D7-4501-AD01-FC74E2D9894C}.Debug|x86.ActiveCfg = Debug|Any CPU
		{0200B6B1-D7D7-4501-AD01-FC74E2D9894C}.Debug|x86.Build.0 = Debug|Any CPU
		{0200B6B1-D7D7-4501-AD01-FC74E2D9894C}.Release|Any CPU.ActiveCfg = Release|Any CPU
		{0200B6B1-D7D7-4501-AD01-FC74E2D9894C}.Release|Any CPU.Build.0 = Release|Any CPU
		{0200B6B1-D7D7-4501-AD01-FC74E2D9894C}.Release|x64.ActiveCfg = Release|Any CPU
		{0200B6B1-D7D7-4501-AD01-FC74E2D9894C}.Release|x64.Build.0 = Release|Any CPU
		{0200B6B1-D7D7-4501-AD01-FC74E2D9894C}.Release|x86.ActiveCfg = Release|Any CPU
		{0200B6B1-D7D7-4501-AD01-FC74E2D9894C}.Release|x86.Build.0 = Release|Any CPU
		{6AC0FE12-BD4D-4E59-8BEC-F12452EEBE64}.Debug|Any CPU.ActiveCfg = Debug|Any CPU
		{6AC0FE12-BD4D-4E59-8BEC-F12452EEBE64}.Debug|Any CPU.Build.0 = Debug|Any CPU
		{6AC0FE12-BD4D-4E59-8BEC-F12452EEBE64}.Debug|x64.ActiveCfg = Debug|Any CPU
		{6AC0FE12-BD4D-4E59-8BEC-F12452EEBE64}.Debug|x64.Build.0 = Debug|Any CPU
		{6AC0FE12-BD4D-4E59-8BEC-F12452EEBE64}.Debug|x86.ActiveCfg = Debug|Any CPU
		{6AC0FE12-BD4D-4E59-8BEC-F12452EEBE64}.Debug|x86.Build.0 = Debug|Any CPU
		{6AC0FE12-BD4D-4E59-8BEC-F12452EEBE64}.Release|Any CPU.ActiveCfg = Release|Any CPU
		{6AC0FE12-BD4D-4E59-8BEC-F12452EEBE64}.Release|Any CPU.Build.0 = Release|Any CPU
		{6AC0FE12-BD4D-4E59-8BEC-F12452EEBE64}.Release|x64.ActiveCfg = Release|Any CPU
		{6AC0FE12-BD4D-4E59-8BEC-F12452EEBE64}.Release|x64.Build.0 = Release|Any CPU
		{6AC0FE12-BD4D-4E59-8BEC-F12452EEBE64}.Release|x86.ActiveCfg = Release|Any CPU
		{6AC0FE12-BD4D-4E59-8BEC-F12452EEBE64}.Release|x86.Build.0 = Release|Any CPU
		{1C7FB1C1-16BF-4CBE-B2FA-0F7D6518847D}.Debug|Any CPU.ActiveCfg = Debug|Any CPU
		{1C7FB1C1-16BF-4CBE-B2FA-0F7D6518847D}.Debug|Any CPU.Build.0 = Debug|Any CPU
		{1C7FB1C1-16BF-4CBE-B2FA-0F7D6518847D}.Debug|x64.ActiveCfg = Debug|Any CPU
		{1C7FB1C1-16BF-4CBE-B2FA-0F7D6518847D}.Debug|x64.Build.0 = Debug|Any CPU
		{1C7FB1C1-16BF-4CBE-B2FA-0F7D6518847D}.Debug|x86.ActiveCfg = Debug|Any CPU
		{1C7FB1C1-16BF-4CBE-B2FA-0F7D6518847D}.Debug|x86.Build.0 = Debug|Any CPU
		{1C7FB1C1-16BF-4CBE-B2FA-0F7D6518847D}.Release|Any CPU.ActiveCfg = Release|Any CPU
		{1C7FB1C1-16BF-4CBE-B2FA-0F7D6518847D}.Release|Any CPU.Build.0 = Release|Any CPU
		{1C7FB1C1-16BF-4CBE-B2FA-0F7D6518847D}.Release|x64.ActiveCfg = Release|Any CPU
		{1C7FB1C1-16BF-4CBE-B2FA-0F7D6518847D}.Release|x64.Build.0 = Release|Any CPU
		{1C7FB1C1-16BF-4CBE-B2FA-0F7D6518847D}.Release|x86.ActiveCfg = Release|Any CPU
		{1C7FB1C1-16BF-4CBE-B2FA-0F7D6518847D}.Release|x86.Build.0 = Release|Any CPU
		{DC0F9230-1231-416F-A7C5-6B38943A1D50}.Debug|Any CPU.ActiveCfg = Debug|Any CPU
		{DC0F9230-1231-416F-A7C5-6B38943A1D50}.Debug|Any CPU.Build.0 = Debug|Any CPU
		{DC0F9230-1231-416F-A7C5-6B38943A1D50}.Debug|x64.ActiveCfg = Debug|Any CPU
		{DC0F9230-1231-416F-A7C5-6B38943A1D50}.Debug|x64.Build.0 = Debug|Any CPU
		{DC0F9230-1231-416F-A7C5-6B38943A1D50}.Debug|x86.ActiveCfg = Debug|Any CPU
		{DC0F9230-1231-416F-A7C5-6B38943A1D50}.Debug|x86.Build.0 = Debug|Any CPU
		{DC0F9230-1231-416F-A7C5-6B38943A1D50}.Release|Any CPU.ActiveCfg = Release|Any CPU
		{DC0F9230-1231-416F-A7C5-6B38943A1D50}.Release|Any CPU.Build.0 = Release|Any CPU
		{DC0F9230-1231-416F-A7C5-6B38943A1D50}.Release|x64.ActiveCfg = Release|Any CPU
		{DC0F9230-1231-416F-A7C5-6B38943A1D50}.Release|x64.Build.0 = Release|Any CPU
		{DC0F9230-1231-416F-A7C5-6B38943A1D50}.Release|x86.ActiveCfg = Release|Any CPU
		{DC0F9230-1231-416F-A7C5-6B38943A1D50}.Release|x86.Build.0 = Release|Any CPU
		{72D52C2F-6888-4ED0-BE86-36E21E2B2F7B}.Debug|Any CPU.ActiveCfg = Debug|Any CPU
		{72D52C2F-6888-4ED0-BE86-36E21E2B2F7B}.Debug|Any CPU.Build.0 = Debug|Any CPU
		{72D52C2F-6888-4ED0-BE86-36E21E2B2F7B}.Debug|x64.ActiveCfg = Debug|Any CPU
		{72D52C2F-6888-4ED0-BE86-36E21E2B2F7B}.Debug|x64.Build.0 = Debug|Any CPU
		{72D52C2F-6888-4ED0-BE86-36E21E2B2F7B}.Debug|x86.ActiveCfg = Debug|Any CPU
		{72D52C2F-6888-4ED0-BE86-36E21E2B2F7B}.Debug|x86.Build.0 = Debug|Any CPU
		{72D52C2F-6888-4ED0-BE86-36E21E2B2F7B}.Release|Any CPU.ActiveCfg = Release|Any CPU
		{72D52C2F-6888-4ED0-BE86-36E21E2B2F7B}.Release|Any CPU.Build.0 = Release|Any CPU
		{72D52C2F-6888-4ED0-BE86-36E21E2B2F7B}.Release|x64.ActiveCfg = Release|Any CPU
		{72D52C2F-6888-4ED0-BE86-36E21E2B2F7B}.Release|x64.Build.0 = Release|Any CPU
		{72D52C2F-6888-4ED0-BE86-36E21E2B2F7B}.Release|x86.ActiveCfg = Release|Any CPU
		{72D52C2F-6888-4ED0-BE86-36E21E2B2F7B}.Release|x86.Build.0 = Release|Any CPU
	EndGlobalSection
	GlobalSection(SolutionProperties) = preSolution
		HideSolutionNode = FALSE
	EndGlobalSection
	GlobalSection(NestedProjects) = preSolution
		{984BB9B3-3FA3-BE33-9484-CAC21695A33C} = {827E0CD3-B72D-47B6-A68D-7590B98EB39B}
		{38B827F8-F1EE-4F30-918C-F626F3A0AA23} = {984BB9B3-3FA3-BE33-9484-CAC21695A33C}
		{E19DE1B9-A280-4043-9A76-F1E560C17221} = {984BB9B3-3FA3-BE33-9484-CAC21695A33C}
		{94A979A1-809F-4C59-84CE-412DAB0DF071} = {984BB9B3-3FA3-BE33-9484-CAC21695A33C}
		{6F2B9991-9A64-48DF-ACE4-15319503E88E} = {984BB9B3-3FA3-BE33-9484-CAC21695A33C}
		{0200B6B1-D7D7-4501-AD01-FC74E2D9894C} = {984BB9B3-3FA3-BE33-9484-CAC21695A33C}
		{6AC0FE12-BD4D-4E59-8BEC-F12452EEBE64} = {984BB9B3-3FA3-BE33-9484-CAC21695A33C}
		{1C7FB1C1-16BF-4CBE-B2FA-0F7D6518847D} = {984BB9B3-3FA3-BE33-9484-CAC21695A33C}
		{C8E42992-5E42-0C2B-DBFE-AA848D06431C} = {827E0CD3-B72D-47B6-A68D-7590B98EB39B}
		{DC0F9230-1231-416F-A7C5-6B38943A1D50} = {C8E42992-5E42-0C2B-DBFE-AA848D06431C}
		{72D52C2F-6888-4ED0-BE86-36E21E2B2F7B} = {C8E42992-5E42-0C2B-DBFE-AA848D06431C}
	EndGlobalSection
EndGlobal
